// !$*UTF8*$!
{
	archiveVersion = 1;
	classes = {
	};
	objectVersion = 46;
	objects = {

/* Begin PBXBuildFile section */
		A75B20331BC0E73E0099B890 /* AppDelegate.swift in Sources */ = {isa = PBXBuildFile; fileRef = A75B20321BC0E73E0099B890 /* AppDelegate.swift */; };
		A75B20351BC0E73E0099B890 /* RecordSoundsViewController.swift in Sources */ = {isa = PBXBuildFile; fileRef = A75B20341BC0E73E0099B890 /* RecordSoundsViewController.swift */; };
		A75B20381BC0E73E0099B890 /* Main.storyboard in Resources */ = {isa = PBXBuildFile; fileRef = A75B20361BC0E73E0099B890 /* Main.storyboard */; };
		A75B203A1BC0E73E0099B890 /* Assets.xcassets in Resources */ = {isa = PBXBuildFile; fileRef = A75B20391BC0E73E0099B890 /* Assets.xcassets */; };
		A75B203D1BC0E73E0099B890 /* LaunchScreen.storyboard in Resources */ = {isa = PBXBuildFile; fileRef = A75B203B1BC0E73E0099B890 /* LaunchScreen.storyboard */; };
		A75B20471BC4CC190099B890 /* PlayAudioViewController.swift in Sources */ = {isa = PBXBuildFile; fileRef = A75B20461BC4CC190099B890 /* PlayAudioViewController.swift */; settings = {ASSET_TAGS = (); }; };
		A75B204B1BC4D37D0099B890 /* AppDelegate.mp3 in Resources */ = {isa = PBXBuildFile; fileRef = A75B204A1BC4D37D0099B890 /* AppDelegate.mp3 */; settings = {ASSET_TAGS = (); }; };
		A75B204D1BC78BD50099B890 /* RecordedAudio.swift in Sources */ = {isa = PBXBuildFile; fileRef = A75B204C1BC78BD50099B890 /* RecordedAudio.swift */; settings = {ASSET_TAGS = (); }; };
/* End PBXBuildFile section */

/* Begin PBXFileReference section */
		A75B202F1BC0E73E0099B890 /* PitchPerfect.app */ = {isa = PBXFileReference; explicitFileType = wrapper.application; includeInIndex = 0; path = PitchPerfect.app; sourceTree = BUILT_PRODUCTS_DIR; };
		A75B20321BC0E73E0099B890 /* AppDelegate.swift */ = {isa = PBXFileReference; lastKnownFileType = sourcecode.swift; path = AppDelegate.swift; sourceTree = "<group>"; };
		A75B20341BC0E73E0099B890 /* RecordSoundsViewController.swift */ = {isa = PBXFileReference; lastKnownFileType = sourcecode.swift; path = RecordSoundsViewController.swift; sourceTree = "<group>"; };
		A75B20371BC0E73E0099B890 /* Base */ = {isa = PBXFileReference; lastKnownFileType = file.storyboard; name = Base; path = Base.lproj/Main.storyboard; sourceTree = "<group>"; };
		A75B20391BC0E73E0099B890 /* Assets.xcassets */ = {isa = PBXFileReference; lastKnownFileType = folder.assetcatalog; path = Assets.xcassets; sourceTree = "<group>"; };
		A75B203C1BC0E73E0099B890 /* Base */ = {isa = PBXFileReference; lastKnownFileType = file.storyboard; name = Base; path = Base.lproj/LaunchScreen.storyboard; sourceTree = "<group>"; };
		A75B203E1BC0E73E0099B890 /* Info.plist */ = {isa = PBXFileReference; lastKnownFileType = text.plist.xml; path = Info.plist; sourceTree = "<group>"; };
		A75B20461BC4CC190099B890 /* PlayAudioViewController.swift */ = {isa = PBXFileReference; fileEncoding = 4; lastKnownFileType = sourcecode.swift; path = PlayAudioViewController.swift; sourceTree = "<group>"; };
		A75B204A1BC4D37D0099B890 /* AppDelegate.mp3 */ = {isa = PBXFileReference; lastKnownFileType = audio.mp3; path = AppDelegate.mp3; sourceTree = "<group>"; };
		A75B204C1BC78BD50099B890 /* RecordedAudio.swift */ = {isa = PBXFileReference; fileEncoding = 4; lastKnownFileType = sourcecode.swift; path = RecordedAudio.swift; sourceTree = "<group>"; };
/* End PBXFileReference section */

/* Begin PBXFrameworksBuildPhase section */
		A75B202C1BC0E73E0099B890 /* Frameworks */ = {
			isa = PBXFrameworksBuildPhase;
			buildActionMask = 2147483647;
			files = (
			);
			runOnlyForDeploymentPostprocessing = 0;
		};
/* End PBXFrameworksBuildPhase section */

/* Begin PBXGroup section */
		A75B20261BC0E73E0099B890 = {
			isa = PBXGroup;
			children = (
				A75B20311BC0E73E0099B890 /* PitchPerfect */,
				A75B20301BC0E73E0099B890 /* Products */,
			);
			sourceTree = "<group>";
		};
		A75B20301BC0E73E0099B890 /* Products */ = {
			isa = PBXGroup;
			children = (
				A75B202F1BC0E73E0099B890 /* PitchPerfect.app */,
			);
			name = Products;
			sourceTree = "<group>";
		};
		A75B20311BC0E73E0099B890 /* PitchPerfect */ = {
			isa = PBXGroup;
			children = (
				A75B204A1BC4D37D0099B890 /* AppDelegate.mp3 */,
				A75B20321BC0E73E0099B890 /* AppDelegate.swift */,
				A75B20341BC0E73E0099B890 /* RecordSoundsViewController.swift */,
				A75B20361BC0E73E0099B890 /* Main.storyboard */,
				A75B20391BC0E73E0099B890 /* Assets.xcassets */,
				A75B203B1BC0E73E0099B890 /* LaunchScreen.storyboard */,
				A75B203E1BC0E73E0099B890 /* Info.plist */,
				A75B20461BC4CC190099B890 /* PlayAudioViewController.swift */,
				A75B204C1BC78BD50099B890 /* RecordedAudio.swift */,
			);
			path = PitchPerfect;
			sourceTree = "<group>";
		};
/* End PBXGroup section */

/* Begin PBXNativeTarget section */
		A75B202E1BC0E73E0099B890 /* PitchPerfect */ = {
			isa = PBXNativeTarget;
			buildConfigurationList = A75B20411BC0E73E0099B890 /* Build configuration list for PBXNativeTarget "PitchPerfect" */;
			buildPhases = (
				A75B202B1BC0E73E0099B890 /* Sources */,
				A75B202C1BC0E73E0099B890 /* Frameworks */,
				A75B202D1BC0E73E0099B890 /* Resources */,
			);
			buildRules = (
			);
			dependencies = (
			);
			name = PitchPerfect;
			productName = PitchPerfect;
			productReference = A75B202F1BC0E73E0099B890 /* PitchPerfect.app */;
			productType = "com.apple.product-type.application";
		};
/* End PBXNativeTarget section */

/* Begin PBXProject section */
		A75B20271BC0E73E0099B890 /* Project object */ = {
			isa = PBXProject;
			attributes = {
				LastUpgradeCheck = 0700;
				ORGANIZATIONNAME = "Amit Wadhwa";
				TargetAttributes = {
					A75B202E1BC0E73E0099B890 = {
						CreatedOnToolsVersion = 7.0;
						DevelopmentTeam = 9ASPQSP2V9;
					};
				};
			};
			buildConfigurationList = A75B202A1BC0E73E0099B890 /* Build configuration list for PBXProject "PitchPerfect" */;
			compatibilityVersion = "Xcode 3.2";
			developmentRegion = English;
			hasScannedForEncodings = 0;
			knownRegions = (
				en,
				Base,
			);
			mainGroup = A75B20261BC0E73E0099B890;
			productRefGroup = A75B20301BC0E73E0099B890 /* Products */;
			projectDirPath = "";
			projectRoot = "";
			targets = (
				A75B202E1BC0E73E0099B890 /* PitchPerfect */,
			);
		};
/* End PBXProject section */

/* Begin PBXResourcesBuildPhase section */
		A75B202D1BC0E73E0099B890 /* Resources */ = {
			isa = PBXResourcesBuildPhase;
			buildActionMask = 2147483647;
			files = (
				A75B203D1BC0E73E0099B890 /* LaunchScreen.storyboard in Resources */,
				A75B204B1BC4D37D0099B890 /* AppDelegate.mp3 in Resources */,
				A75B203A1BC0E73E0099B890 /* Assets.xcassets in Resources */,
				A75B20381BC0E73E0099B890 /* Main.storyboard in Resources */,
			);
			runOnlyForDeploymentPostprocessing = 0;
		};
/* End PBXResourcesBuildPhase section */

/* Begin PBXSourcesBuildPhase section */
		A75B202B1BC0E73E0099B890 /* Sources */ = {
			isa = PBXSourcesBuildPhase;
			buildActionMask = 2147483647;
			files = (
				A75B204D1BC78BD50099B890 /* RecordedAudio.swift in Sources */,
				A75B20351BC0E73E0099B890 /* RecordSoundsViewController.swift in Sources */,
				A75B20331BC0E73E0099B890 /* AppDelegate.swift in Sources */,
				A75B20471BC4CC190099B890 /* PlayAudioViewController.swift in Sources */,
			);
			runOnlyForDeploymentPostprocessing = 0;
		};
/* End PBXSourcesBuildPhase section */

/* Begin PBXVariantGroup section */
		A75B20361BC0E73E0099B890 /* Main.storyboard */ = {
			isa = PBXVariantGroup;
			children = (
				A75B20371BC0E73E0099B890 /* Base */,
			);
			name = Main.storyboard;
			sourceTree = "<group>";
		};
		A75B203B1BC0E73E0099B890 /* LaunchScreen.storyboard */ = {
			isa = PBXVariantGroup;
			children = (
				A75B203C1BC0E73E0099B890 /* Base */,
			);
			name = LaunchScreen.storyboard;
			sourceTree = "<group>";
		};
/* End PBXVariantGroup section */

/* Begin XCBuildConfiguration section */
		A75B203F1BC0E73E0099B890 /* Debug */ = {
			isa = XCBuildConfiguration;
			buildSettings = {
				ALWAYS_SEARCH_USER_PATHS = NO;
				CLANG_CXX_LANGUAGE_STANDARD = "gnu++0x";
				CLANG_CXX_LIBRARY = "libc++";
				CLANG_ENABLE_MODULES = YES;
				CLANG_ENABLE_OBJC_ARC = YES;
				CLANG_WARN_BOOL_CONVERSION = YES;
				CLANG_WARN_CONSTANT_CONVERSION = YES;
				CLANG_WARN_DIRECT_OBJC_ISA_USAGE = YES_ERROR;
				CLANG_WARN_EMPTY_BODY = YES;
				CLANG_WARN_ENUM_CONVERSION = YES;
				CLANG_WARN_INT_CONVERSION = YES;
				CLANG_WARN_OBJC_ROOT_CLASS = YES_ERROR;
				CLANG_WARN_UNREACHABLE_CODE = YES;
				CLANG_WARN__DUPLICATE_METHOD_MATCH = YES;
				"CODE_SIGN_IDENTITY[sdk=iphoneos*]" = "iPhone Developer";
				COPY_PHASE_STRIP = NO;
				DEBUG_INFORMATION_FORMAT = dwarf;
				ENABLE_STRICT_OBJC_MSGSEND = YES;
				ENABLE_TESTABILITY = YES;
				GCC_C_LANGUAGE_STANDARD = gnu99;
				GCC_DYNAMIC_NO_PIC = NO;
				GCC_NO_COMMON_BLOCKS = YES;
				GCC_OPTIMIZATION_LEVEL = 0;
				GCC_PREPROCESSOR_DEFINITIONS = (
					"DEBUG=1",
					"$(inherited)",
				);
				GCC_WARN_64_TO_32_BIT_CONVERSION = YES;
				GCC_WARN_ABOUT_RETURN_TYPE = YES_ERROR;
				GCC_WARN_UNDECLARED_SELECTOR = YES;
				GCC_WARN_UNINITIALIZED_AUTOS = YES_AGGRESSIVE;
				GCC_WARN_UNUSED_FUNCTION = YES;
				GCC_WARN_UNUSED_VARIABLE = YES;
				IPHONEOS_DEPLOYMENT_TARGET = 9.0;
				MTL_ENABLE_DEBUG_INFO = YES;
				ONLY_ACTIVE_ARCH = YES;
				SDKROOT = iphoneos;
				SWIFT_OPTIMIZATION_LEVEL = "-Onone";
			};
			name = Debug;
		};
		A75B20401BC0E73E0099B890 /* Release */ = {
			isa = XCBuildConfiguration;
			buildSettings = {
				ALWAYS_SEARCH_USER_PATHS = NO;
				CLANG_CXX_LANGUAGE_STANDARD = "gnu++0x";
				CLANG_CXX_LIBRARY = "libc++";
				CLANG_ENABLE_MODULES = YES;
				CLANG_ENABLE_OBJC_ARC = YES;
				CLANG_WARN_BOOL_CONVERSION = YES;
				CLANG_WARN_CONSTANT_CONVERSION = YES;
				CLANG_WARN_DIRECT_OBJC_ISA_USAGE = YES_ERROR;
				CLANG_WARN_EMPTY_BODY = YES;
				CLANG_WARN_ENUM_CONVERSION = YES;
				CLANG_WARN_INT_CONVERSION = YES;
				CLANG_WARN_OBJC_ROOT_CLASS = YES_ERROR;
				CLANG_WARN_UNREACHABLE_CODE = YES;
				CLANG_WARN__DUPLICATE_METHOD_MATCH = YES;
				"CODE_SIGN_IDENTITY[sdk=iphoneos*]" = "iPhone Developer";
				COPY_PHASE_STRIP = NO;
				DEBUG_INFORMATION_FORMAT = "dwarf-with-dsym";
				ENABLE_NS_ASSERTIONS = NO;
				ENABLE_STRICT_OBJC_MSGSEND = YES;
				GCC_C_LANGUAGE_STANDARD = gnu99;
				GCC_NO_COMMON_BLOCKS = YES;
				GCC_WARN_64_TO_32_BIT_CONVERSION = YES;
				GCC_WARN_ABOUT_RETURN_TYPE = YES_ERROR;
				GCC_WARN_UNDECLARED_SELECTOR = YES;
				GCC_WARN_UNINITIALIZED_AUTOS = YES_AGGRESSIVE;
				GCC_WARN_UNUSED_FUNCTION = YES;
				GCC_WARN_UNUSED_VARIABLE = YES;
				IPHONEOS_DEPLOYMENT_TARGET = 9.0;
				MTL_ENABLE_DEBUG_INFO = NO;
				SDKROOT = iphoneos;
				VALIDATE_PRODUCT = YES;
			};
			name = Release;
		};
		A75B20421BC0E73E0099B890 /* Debug */ = {
			isa = XCBuildConfiguration;
			buildSettings = {
				ASSETCATALOG_COMPILER_APPICON_NAME = AppIcon;
				CODE_SIGN_IDENTITY = "iPhone Developer";
				"CODE_SIGN_IDENTITY[sdk=iphoneos*]" = "iPhone Developer";
				INFOPLIST_FILE = PitchPerfect/Info.plist;
				LD_RUNPATH_SEARCH_PATHS = "$(inherited) @executable_path/Frameworks";
				PRODUCT_BUNDLE_IDENTIFIER = com.amitwadhwa.PitchPerfect;
				PRODUCT_NAME = "$(TARGET_NAME)";
				PROVISIONING_PROFILE = "";
				TARGETED_DEVICE_FAMILY = 1;
			};
			name = Debug;
		};
		A75B20431BC0E73E0099B890 /* Release */ = {
			isa = XCBuildConfiguration;
			buildSettings = {
				ASSETCATALOG_COMPILER_APPICON_NAME = AppIcon;
				CODE_SIGN_IDENTITY = "iPhone Developer";
				"CODE_SIGN_IDENTITY[sdk=iphoneos*]" = "iPhone Developer";
				INFOPLIST_FILE = PitchPerfect/Info.plist;
				LD_RUNPATH_SEARCH_PATHS = "$(inherited) @executable_path/Frameworks";
				PRODUCT_BUNDLE_IDENTIFIER = com.amitwadhwa.PitchPerfect;
				PRODUCT_NAME = "$(TARGET_NAME)";
				PROVISIONING_PROFILE = "";
				TARGETED_DEVICE_FAMILY = 1;
			};
			name = Release;
		};
/* End XCBuildConfiguration section */

/* Begin XCConfigurationList section */
		A75B202A1BC0E73E0099B890 /* Build configuration list for PBXProject "PitchPerfect" */ = {
			isa = XCConfigurationList;
			buildConfigurations = (
				A75B203F1BC0E73E0099B890 /* Debug */,
				A75B20401BC0E73E0099B890 /* Release */,
			);
			defaultConfigurationIsVisible = 0;
			defaultConfigurationName = Release;
		};
		A75B20411BC0E73E0099B890 /* Build configuration list for PBXNativeTarget "PitchPerfect" */ = {
			isa = XCConfigurationList;
			buildConfigurations = (
				A75B20421BC0E73E0099B890 /* Debug */,
				A75B20431BC0E73E0099B890 /* Release */,
			);
			defaultConfigurationIsVisible = 0;
			defaultConfigurationName = Release;
		};
/* End XCConfigurationList section */
	};
	rootObject = A75B20271BC0E73E0099B890 /* Project object */;
}
